// !$*UTF8*$!
{
	archiveVersion = 1;
	classes = {
	};
	objectVersion = 46;
	objects = {

/* Begin PBXBuildFile section */
		110DF2A91BD0C7FD007C718D /* main.m in Sources */ = {isa = PBXBuildFile; fileRef = 110DF2A81BD0C7FD007C718D /* main.m */; };
		110DF2AC1BD0C7FD007C718D /* AppDelegate.m in Sources */ = {isa = PBXBuildFile; fileRef = 110DF2AB1BD0C7FD007C718D /* AppDelegate.m */; };
		110DF2AF1BD0C7FD007C718D /* ViewController.m in Sources */ = {isa = PBXBuildFile; fileRef = 110DF2AE1BD0C7FD007C718D /* ViewController.m */; };
		110DF2B21BD0C7FD007C718D /* Main.storyboard in Resources */ = {isa = PBXBuildFile; fileRef = 110DF2B01BD0C7FD007C718D /* Main.storyboard */; };
		110DF2B41BD0C7FD007C718D /* Images.xcassets in Resources */ = {isa = PBXBuildFile; fileRef = 110DF2B31BD0C7FD007C718D /* Images.xcassets */; };
		110DF2B71BD0C7FD007C718D /* LaunchScreen.xib in Resources */ = {isa = PBXBuildFile; fileRef = 110DF2B51BD0C7FD007C718D /* LaunchScreen.xib */; };
		110DF2C31BD0C7FD007C718D /* Mega_User_ListTests.m in Sources */ = {isa = PBXBuildFile; fileRef = 110DF2C21BD0C7FD007C718D /* Mega_User_ListTests.m */; };
/* End PBXBuildFile section */

/* Begin PBXContainerItemProxy section */
		110DF2BD1BD0C7FD007C718D /* PBXContainerItemProxy */ = {
			isa = PBXContainerItemProxy;
			containerPortal = 110DF29B1BD0C7FD007C718D /* Project object */;
			proxyType = 1;
			remoteGlobalIDString = 110DF2A21BD0C7FD007C718D;
			remoteInfo = "Mega User List";
		};
/* End PBXContainerItemProxy section */

/* Begin PBXFileReference section */
		110DF2A31BD0C7FD007C718D /* Mega User List.app */ = {isa = PBXFileReference; explicitFileType = wrapper.application; includeInIndex = 0; path = "Mega User List.app"; sourceTree = BUILT_PRODUCTS_DIR; };
		110DF2A71BD0C7FD007C718D /* Info.plist */ = {isa = PBXFileReference; lastKnownFileType = text.plist.xml; path = Info.plist; sourceTree = "<group>"; };
		110DF2A81BD0C7FD007C718D /* main.m */ = {isa = PBXFileReference; lastKnownFileType = sourcecode.c.objc; path = main.m; sourceTree = "<group>"; };
		110DF2AA1BD0C7FD007C718D /* AppDelegate.h */ = {isa = PBXFileReference; lastKnownFileType = sourcecode.c.h; path = AppDelegate.h; sourceTree = "<group>"; };
		110DF2AB1BD0C7FD007C718D /* AppDelegate.m */ = {isa = PBXFileReference; lastKnownFileType = sourcecode.c.objc; path = AppDelegate.m; sourceTree = "<group>"; };
		110DF2AD1BD0C7FD007C718D /* ViewController.h */ = {isa = PBXFileReference; lastKnownFileType = sourcecode.c.h; path = ViewController.h; sourceTree = "<group>"; };
		110DF2AE1BD0C7FD007C718D /* ViewController.m */ = {isa = PBXFileReference; lastKnownFileType = sourcecode.c.objc; path = ViewController.m; sourceTree = "<group>"; };
		110DF2B11BD0C7FD007C718D /* Base */ = {isa = PBXFileReference; lastKnownFileType = file.storyboard; name = Base; path = Base.lproj/Main.storyboard; sourceTree = "<group>"; };
		110DF2B31BD0C7FD007C718D /* Images.xcassets */ = {isa = PBXFileReference; lastKnownFileType = folder.assetcatalog; path = Images.xcassets; sourceTree = "<group>"; };
		110DF2B61BD0C7FD007C718D /* Base */ = {isa = PBXFileReference; lastKnownFileType = file.xib; name = Base; path = Base.lproj/LaunchScreen.xib; sourceTree = "<group>"; };
		110DF2BC1BD0C7FD007C718D /* Mega User ListTests.xctest */ = {isa = PBXFileReference; explicitFileType = wrapper.cfbundle; includeInIndex = 0; path = "Mega User ListTests.xctest"; sourceTree = BUILT_PRODUCTS_DIR; };
		110DF2C11BD0C7FD007C718D /* Info.plist */ = {isa = PBXFileReference; lastKnownFileType = text.plist.xml; path = Info.plist; sourceTree = "<group>"; };
		110DF2C21BD0C7FD007C718D /* Mega_User_ListTests.m */ = {isa = PBXFileReference; lastKnownFileType = sourcecode.c.objc; path = Mega_User_ListTests.m; sourceTree = "<group>"; };
/* End PBXFileReference section */

/* Begin PBXFrameworksBuildPhase section */
		110DF2A01BD0C7FD007C718D /* Frameworks */ = {
			isa = PBXFrameworksBuildPhase;
			buildActionMask = 2147483647;
			files = (
			);
			runOnlyForDeploymentPostprocessing = 0;
		};
		110DF2B91BD0C7FD007C718D /* Frameworks */ = {
			isa = PBXFrameworksBuildPhase;
			buildActionMask = 2147483647;
			files = (
			);
			runOnlyForDeploymentPostprocessing = 0;
		};
/* End PBXFrameworksBuildPhase section */

/* Begin PBXGroup section */
		110DF29A1BD0C7FD007C718D = {
			isa = PBXGroup;
			children = (
				110DF2A51BD0C7FD007C718D /* Mega User List */,
				110DF2BF1BD0C7FD007C718D /* Mega User ListTests */,
				110DF2A41BD0C7FD007C718D /* Products */,
			);
			sourceTree = "<group>";
		};
		110DF2A41BD0C7FD007C718D /* Products */ = {
			isa = PBXGroup;
			children = (
				110DF2A31BD0C7FD007C718D /* Mega User List.app */,
				110DF2BC1BD0C7FD007C718D /* Mega User ListTests.xctest */,
			);
			name = Products;
			sourceTree = "<group>";
		};
		110DF2A51BD0C7FD007C718D /* Mega User List */ = {
			isa = PBXGroup;
			children = (
				110DF2AA1BD0C7FD007C718D /* AppDelegate.h */,
				110DF2AB1BD0C7FD007C718D /* AppDelegate.m */,
				110DF2AD1BD0C7FD007C718D /* ViewController.h */,
				110DF2AE1BD0C7FD007C718D /* ViewController.m */,
				110DF2B01BD0C7FD007C718D /* Main.storyboard */,
				110DF2B31BD0C7FD007C718D /* Images.xcassets */,
				110DF2B51BD0C7FD007C718D /* LaunchScreen.xib */,
				110DF2A61BD0C7FD007C718D /* Supporting Files */,
			);
			path = "Mega User List";
			sourceTree = "<group>";
		};
		110DF2A61BD0C7FD007C718D /* Supporting Files */ = {
			isa = PBXGroup;
			children = (
				110DF2A71BD0C7FD007C718D /* Info.plist */,
				110DF2A81BD0C7FD007C718D /* main.m */,
			);
			name = "Supporting Files";
			sourceTree = "<group>";
		};
		110DF2BF1BD0C7FD007C718D /* Mega User ListTests */ = {
			isa = PBXGroup;
			children = (
				110DF2C21BD0C7FD007C718D /* Mega_User_ListTests.m */,
				110DF2C01BD0C7FD007C718D /* Supporting Files */,
			);
			path = "Mega User ListTests";
			sourceTree = "<group>";
		};
		110DF2C01BD0C7FD007C718D /* Supporting Files */ = {
			isa = PBXGroup;
			children = (
				110DF2C11BD0C7FD007C718D /* Info.plist */,
			);
			name = "Supporting Files";
			sourceTree = "<group>";
		};
/* End PBXGroup section */

/* Begin PBXNativeTarget section */
		110DF2A21BD0C7FD007C718D /* Mega User List */ = {
			isa = PBXNativeTarget;
			buildConfigurationList = 110DF2C61BD0C7FD007C718D /* Build configuration list for PBXNativeTarget "Mega User List" */;
			buildPhases = (
				110DF29F1BD0C7FD007C718D /* Sources */,
				110DF2A01BD0C7FD007C718D /* Frameworks */,
				110DF2A11BD0C7FD007C718D /* Resources */,
			);
			buildRules = (
			);
			dependencies = (
			);
			name = "Mega User List";
			productName = "Mega User List";
			productReference = 110DF2A31BD0C7FD007C718D /* Mega User List.app */;
			productType = "com.apple.product-type.application";
		};
		110DF2BB1BD0C7FD007C718D /* Mega User ListTests */ = {
			isa = PBXNativeTarget;
			buildConfigurationList = 110DF2C91BD0C7FD007C718D /* Build configuration list for PBXNativeTarget "Mega User ListTests" */;
			buildPhases = (
				110DF2B81BD0C7FD007C718D /* Sources */,
				110DF2B91BD0C7FD007C718D /* Frameworks */,
				110DF2BA1BD0C7FD007C718D /* Resources */,
			);
			buildRules = (
			);
			dependencies = (
				110DF2BE1BD0C7FD007C718D /* PBXTargetDependency */,
			);
			name = "Mega User ListTests";
			productName = "Mega User ListTests";
			productReference = 110DF2BC1BD0C7FD007C718D /* Mega User ListTests.xctest */;
			productType = "com.apple.product-type.bundle.unit-test";
		};
/* End PBXNativeTarget section */

/* Begin PBXProject section */
		110DF29B1BD0C7FD007C718D /* Project object */ = {
			isa = PBXProject;
			attributes = {
				LastUpgradeCheck = 0640;
				ORGANIZATIONNAME = sourcebits;
				TargetAttributes = {
					110DF2A21BD0C7FD007C718D = {
						CreatedOnToolsVersion = 6.4;
					};
					110DF2BB1BD0C7FD007C718D = {
						CreatedOnToolsVersion = 6.4;
						TestTargetID = 110DF2A21BD0C7FD007C718D;
					};
				};
			};
			buildConfigurationList = 110DF29E1BD0C7FD007C718D /* Build configuration list for PBXProject "Mega User List" */;
			compatibilityVersion = "Xcode 3.2";
			developmentRegion = English;
			hasScannedForEncodings = 0;
			knownRegions = (
				en,
				Base,
			);
			mainGroup = 110DF29A1BD0C7FD007C718D;
			productRefGroup = 110DF2A41BD0C7FD007C718D /* Products */;
			projectDirPath = "";
			projectRoot = "";
			targets = (
				110DF2A21BD0C7FD007C718D /* Mega User List */,
				110DF2BB1BD0C7FD007C718D /* Mega User ListTests */,
			);
		};
/* End PBXProject section */

/* Begin PBXResourcesBuildPhase section */
		110DF2A11BD0C7FD007C718D /* Resources */ = {
			isa = PBXResourcesBuildPhase;
			buildActionMask = 2147483647;
			files = (
				110DF2B21BD0C7FD007C718D /* Main.storyboard in Resources */,
				110DF2B71BD0C7FD007C718D /* LaunchScreen.xib in Resources */,
				110DF2B41BD0C7FD007C718D /* Images.xcassets in Resources */,
			);
			runOnlyForDeploymentPostprocessing = 0;
		};
		110DF2BA1BD0C7FD007C718D /* Resources */ = {
			isa = PBXResourcesBuildPhase;
			buildActionMask = 2147483647;
			files = (
			);
			runOnlyForDeploymentPostprocessing = 0;
		};
/* End PBXResourcesBuildPhase section */

/* Begin PBXSourcesBuildPhase section */
		110DF29F1BD0C7FD007C718D /* Sources */ = {
			isa = PBXSourcesBuildPhase;
			buildActionMask = 2147483647;
			files = (
				110DF2AF1BD0C7FD007C718D /* ViewController.m in Sources */,
				110DF2AC1BD0C7FD007C718D /* AppDelegate.m in Sources */,
				110DF2A91BD0C7FD007C718D /* main.m in Sources */,
			);
			runOnlyForDeploymentPostprocessing = 0;
		};
		110DF2B81BD0C7FD007C718D /* Sources */ = {
			isa = PBXSourcesBuildPhase;
			buildActionMask = 2147483647;
			files = (
				110DF2C31BD0C7FD007C718D /* Mega_User_ListTests.m in Sources */,
			);
			runOnlyForDeploymentPostprocessing = 0;
		};
/* End PBXSourcesBuildPhase section */

/* Begin PBXTargetDependency section */
		110DF2BE1BD0C7FD007C718D /* PBXTargetDependency */ = {
			isa = PBXTargetDependency;
			target = 110DF2A21BD0C7FD007C718D /* Mega User List */;
			targetProxy = 110DF2BD1BD0C7FD007C718D /* PBXContainerItemProxy */;
		};
/* End PBXTargetDependency section */

/* Begin PBXVariantGroup section */
		110DF2B01BD0C7FD007C718D /* Main.storyboard */ = {
			isa = PBXVariantGroup;
			children = (
				110DF2B11BD0C7FD007C718D /* Base */,
			);
			name = Main.storyboard;
			sourceTree = "<group>";
		};
		110DF2B51BD0C7FD007C718D /* LaunchScreen.xib */ = {
			isa = PBXVariantGroup;
			children = (
				110DF2B61BD0C7FD007C718D /* Base */,
			);
			name = LaunchScreen.xib;
			sourceTree = "<group>";
		};
/* End PBXVariantGroup section */

/* Begin XCBuildConfiguration section */
		110DF2C41BD0C7FD007C718D /* Debug */ = {
			isa = XCBuildConfiguration;
			buildSettings = {
				ALWAYS_SEARCH_USER_PATHS = NO;
				CLANG_CXX_LANGUAGE_STANDARD = "gnu++0x";
				CLANG_CXX_LIBRARY = "libc++";
				CLANG_ENABLE_MODULES = YES;
				CLANG_ENABLE_OBJC_ARC = YES;
				CLANG_WARN_BOOL_CONVERSION = YES;
				CLANG_WARN_CONSTANT_CONVERSION = YES;
				CLANG_WARN_DIRECT_OBJC_ISA_USAGE = YES_ERROR;
				CLANG_WARN_EMPTY_BODY = YES;
				CLANG_WARN_ENUM_CONVERSION = YES;
				CLANG_WARN_INT_CONVERSION = YES;
				CLANG_WARN_OBJC_ROOT_CLASS = YES_ERROR;
				CLANG_WARN_UNREACHABLE_CODE = YES;
				CLANG_WARN__DUPLICATE_METHOD_MATCH = YES;
				"CODE_SIGN_IDENTITY[sdk=iphoneos*]" = "iPhone Developer";
				COPY_PHASE_STRIP = NO;
				DEBUG_INFORMATION_FORMAT = "dwarf-with-dsym";
				ENABLE_STRICT_OBJC_MSGSEND = YES;
				GCC_C_LANGUAGE_STANDARD = gnu99;
				GCC_DYNAMIC_NO_PIC = NO;
				GCC_NO_COMMON_BLOCKS = YES;
				GCC_OPTIMIZATION_LEVEL = 0;
				GCC_PREPROCESSOR_DEFINITIONS = (
					"DEBUG=1",
					"$(inherited)",
				);
				GCC_SYMBOLS_PRIVATE_EXTERN = NO;
				GCC_WARN_64_TO_32_BIT_CONVERSION = YES;
				GCC_WARN_ABOUT_RETURN_TYPE = YES_ERROR;
				GCC_WARN_UNDECLARED_SELECTOR = YES;
				GCC_WARN_UNINITIALIZED_AUTOS = YES_AGGRESSIVE;
				GCC_WARN_UNUSED_FUNCTION = YES;
				GCC_WARN_UNUSED_VARIABLE = YES;
				IPHONEOS_DEPLOYMENT_TARGET = 8.4;
				MTL_ENABLE_DEBUG_INFO = YES;
				ONLY_ACTIVE_ARCH = YES;
				SDKROOT = iphoneos;
			};
			name = Debug;
		};
		110DF2C51BD0C7FD007C718D /* Release */ = {
			isa = XCBuildConfiguration;
			buildSettings = {
				ALWAYS_SEARCH_USER_PATHS = NO;
				CLANG_CXX_LANGUAGE_STANDARD = "gnu++0x";
				CLANG_CXX_LIBRARY = "libc++";
				CLANG_ENABLE_MODULES = YES;
				CLANG_ENABLE_OBJC_ARC = YES;
				CLANG_WARN_BOOL_CONVERSION = YES;
				CLANG_WARN_CONSTANT_CONVERSION = YES;
				CLANG_WARN_DIRECT_OBJC_ISA_USAGE = YES_ERROR;
				CLANG_WARN_EMPTY_BODY = YES;
				CLANG_WARN_ENUM_CONVERSION = YES;
				CLANG_WARN_INT_CONVERSION = YES;
				CLANG_WARN_OBJC_ROOT_CLASS = YES_ERROR;
				CLANG_WARN_UNREACHABLE_CODE = YES;
				CLANG_WARN__DUPLICATE_METHOD_MATCH = YES;
				"CODE_SIGN_IDENTITY[sdk=iphoneos*]" = "iPhone Developer";
				COPY_PHASE_STRIP = NO;
				DEBUG_INFORMATION_FORMAT = "dwarf-with-dsym";
				ENABLE_NS_ASSERTIONS = NO;
				ENABLE_STRICT_OBJC_MSGSEND = YES;
				GCC_C_LANGUAGE_STANDARD = gnu99;
				GCC_NO_COMMON_BLOCKS = YES;
				GCC_WARN_64_TO_32_BIT_CONVERSION = YES;
				GCC_WARN_ABOUT_RETURN_TYPE = YES_ERROR;
				GCC_WARN_UNDECLARED_SELECTOR = YES;
				GCC_WARN_UNINITIALIZED_AUTOS = YES_AGGRESSIVE;
				GCC_WARN_UNUSED_FUNCTION = YES;
				GCC_WARN_UNUSED_VARIABLE = YES;
				IPHONEOS_DEPLOYMENT_TARGET = 8.4;
				MTL_ENABLE_DEBUG_INFO = NO;
				SDKROOT = iphoneos;
				VALIDATE_PRODUCT = YES;
			};
			name = Release;
		};
		110DF2C71BD0C7FD007C718D /* Debug */ = {
			isa = XCBuildConfiguration;
			buildSettings = {
				ASSETCATALOG_COMPILER_APPICON_NAME = AppIcon;
				INFOPLIST_FILE = "Mega User List/Info.plist";
				LD_RUNPATH_SEARCH_PATHS = "$(inherited) @executable_path/Frameworks";
				PRODUCT_NAME = "$(TARGET_NAME)";
			};
			name = Debug;
		};
		110DF2C81BD0C7FD007C718D /* Release */ = {
			isa = XCBuildConfiguration;
			buildSettings = {
				ASSETCATALOG_COMPILER_APPICON_NAME = AppIcon;
				INFOPLIST_FILE = "Mega User List/Info.plist";
				LD_RUNPATH_SEARCH_PATHS = "$(inherited) @executable_path/Frameworks";
				PRODUCT_NAME = "$(TARGET_NAME)";
			};
			name = Release;
		};
		110DF2CA1BD0C7FD007C718D /* Debug */ = {
			isa = XCBuildConfiguration;
			buildSettings = {
				BUNDLE_LOADER = "$(TEST_HOST)";
				FRAMEWORK_SEARCH_PATHS = (
					"$(SDKROOT)/Developer/Library/Frameworks",
					"$(inherited)",
				);
				GCC_PREPROCESSOR_DEFINITIONS = (
					"DEBUG=1",
					"$(inherited)",
				);
				INFOPLIST_FILE = "Mega User ListTests/Info.plist";
				LD_RUNPATH_SEARCH_PATHS = "$(inherited) @executable_path/Frameworks @loader_path/Frameworks";
				PRODUCT_NAME = "$(TARGET_NAME)";
				TEST_HOST = "$(BUILT_PRODUCTS_DIR)/Mega User List.app/Mega User List";
			};
			name = Debug;
		};
		110DF2CB1BD0C7FD007C718D /* Release */ = {
			isa = XCBuildConfiguration;
			buildSettings = {
				BUNDLE_LOADER = "$(TEST_HOST)";
				FRAMEWORK_SEARCH_PATHS = (
					"$(SDKROOT)/Developer/Library/Frameworks",
					"$(inherited)",
				);
				INFOPLIST_FILE = "Mega User ListTests/Info.plist";
				LD_RUNPATH_SEARCH_PATHS = "$(inherited) @executable_path/Frameworks @loader_path/Frameworks";
				PRODUCT_NAME = "$(TARGET_NAME)";
				TEST_HOST = "$(BUILT_PRODUCTS_DIR)/Mega User List.app/Mega User List";
			};
			name = Release;
		};
/* End XCBuildConfiguration section */

/* Begin XCConfigurationList section */
		110DF29E1BD0C7FD007C718D /* Build configuration list for PBXProject "Mega User List" */ = {
			isa = XCConfigurationList;
			buildConfigurations = (
				110DF2C41BD0C7FD007C718D /* Debug */,
				110DF2C51BD0C7FD007C718D /* Release */,
			);
			defaultConfigurationIsVisible = 0;
			defaultConfigurationName = Release;
		};
		110DF2C61BD0C7FD007C718D /* Build configuration list for PBXNativeTarget "Mega User List" */ = {
			isa = XCConfigurationList;
			buildConfigurations = (
				110DF2C71BD0C7FD007C718D /* Debug */,
				110DF2C81BD0C7FD007C718D /* Release */,
			);
			defaultConfigurationIsVisible = 0;
		};
		110DF2C91BD0C7FD007C718D /* Build configuration list for PBXNativeTarget "Mega User ListTests" */ = {
			isa = XCConfigurationList;
			buildConfigurations = (
				110DF2CA1BD0C7FD007C718D /* Debug */,
				110DF2CB1BD0C7FD007C718D /* Release */,
			);
			defaultConfigurationIsVisible = 0;
		};
/* End XCConfigurationList section */
	};
	rootObject = 110DF29B1BD0C7FD007C718D /* Project object */;
}
